
Microsoft Visual Studio Solution File, Format Version 12.00
# Visual Studio 15
VisualStudioVersion = 15.0.26430.15
MinimumVisualStudioVersion = 10.0.40219.1
Project("{FAE04EC0-301F-11D3-BF4B-00C04F79EFBC}") = "CSharp7", "CSharp7\CSharp7.csproj", "{93AF7B49-4718-4114-9438-5D04A79B9020}"
EndProject
Project("{FAE04EC0-301F-11D3-BF4B-00C04F79EFBC}") = "TypeClasses", "TypeClasses\TypeClasses.csproj", "{A268C89A-3600-48DE-A2A3-176BF760F038}"
EndProject
Project("{FAE04EC0-301F-11D3-BF4B-00C04F79EFBC}") = "SelfType", "SelfType\SelfType.csproj", "{59B7DE09-697C-48F1-8158-AFC5FB545485}"
EndProject
Project("{FAE04EC0-301F-11D3-BF4B-00C04F79EFBC}") = "CSharp6", "CSharp6\CSharp6.csproj", "{2C8DCD23-696C-41DF-8984-C9E3ED837DEF}"
EndProject
Global
	GlobalSection(SolutionConfigurationPlatforms) = preSolution
		Debug|Any CPU = Debug|Any CPU
		Release|Any CPU = Release|Any CPU
	EndGlobalSection
	GlobalSection(ProjectConfigurationPlatforms) = postSolution
		{93AF7B49-4718-4114-9438-5D04A79B9020}.Debug|Any CPU.ActiveCfg = Debug|Any CPU
		{93AF7B49-4718-4114-9438-5D04A79B9020}.Debug|Any CPU.Build.0 = Debug|Any CPU
		{93AF7B49-4718-4114-9438-5D04A79B9020}.Release|Any CPU.ActiveCfg = Release|Any CPU
		{93AF7B49-4718-4114-9438-5D04A79B9020}.Release|Any CPU.Build.0 = Release|Any CPU
		{A268C89A-3600-48DE-A2A3-176BF760F038}.Debug|Any CPU.ActiveCfg = Debug|Any CPU
		{A268C89A-3600-48DE-A2A3-176BF760F038}.Debug|Any CPU.Build.0 = Debug|Any CPU
		{A268C89A-3600-48DE-A2A3-176BF760F038}.Release|Any CPU.ActiveCfg = Release|Any CPU
		{A268C89A-3600-48DE-A2A3-176BF760F038}.Release|Any CPU.Build.0 = Release|Any CPU
		{59B7DE09-697C-48F1-8158-AFC5FB545485}.Debug|Any CPU.ActiveCfg = Debug|Any CPU
		{59B7DE09-697C-48F1-8158-AFC5FB545485}.Debug|Any CPU.Build.0 = Debug|Any CPU
		{59B7DE09-697C-48F1-8158-AFC5FB545485}.Release|Any CPU.ActiveCfg = Release|Any CPU
		{59B7DE09-697C-48F1-8158-AFC5FB545485}.Release|Any CPU.Build.0 = Release|Any CPU
		{2C8DCD23-696C-41DF-8984-C9E3ED837DEF}.Debug|Any CPU.ActiveCfg = Debug|Any CPU
		{2C8DCD23-696C-41DF-8984-C9E3ED837DEF}.Debug|Any CPU.Build.0 = Debug|Any CPU
		{2C8DCD23-696C-41DF-8984-C9E3ED837DEF}.Release|Any CPU.ActiveCfg = Release|Any CPU
		{2C8DCD23-696C-41DF-8984-C9E3ED837DEF}.Release|Any CPU.Build.0 = Release|Any CPU
	EndGlobalSection
	GlobalSection(SolutionProperties) = preSolution
		HideSolutionNode = FALSE
	EndGlobalSection
EndGlobal
